// !$*UTF8*$!
{
	archiveVersion = 1;
	classes = {
	};
	objectVersion = 77;
	objects = {

/* Begin PBXBuildFile section */
		12968382C0F247A8B4741546 /* iOSdemo/correct_squat.wav in CopyFiles */ = {isa = PBXBuildFile; fileRef = 293B03BB3C8847228AB5BAC6 /* iOSdemo/correct_squat.wav */; };
		29B6F6A38D254458B094966E /* iOSdemo/error_squat.wav in CopyFiles */ = {isa = PBXBuildFile; fileRef = 9C37A8CECA95427FA7E95ADA /* iOSdemo/error_squat.wav */; };
		415EB51636BF4F98B5439156 /* iOSdemo/squat_hmm_model.json in CopyFiles */ = {isa = PBXBuildFile; fileRef = 7DEA7E2A13A04358B6D2BDBD /* iOSdemo/squat_hmm_model.json */; };
		C21DA7A12FB0B0E500B9A7C6 /* iOSdemo/Resources/pullups_professional.mp4 in CopyFiles */ = {isa = PBXBuildFile; fileRef = C21DA7A02FB0B0E500B9A7C6 /* iOSdemo/Resources/pullups_professional.mp4 */; };
		C21DA7A32FB0B0E500B9A7C6 /* iOSdemo/Resources/squats.MOV in CopyFiles */ = {isa = PBXBuildFile; fileRef = C21DA7A22FB0B0E500B9A7C6 /* iOSdemo/Resources/squats.MOV */; };
		EB8C5E2983DD89682D687911 /* Pods_iOSdemo.framework in Frameworks */ = {isa = PBXBuildFile; fileRef = FA85136C03429A4ED7DF36DE /* Pods_iOSdemo.framework */; };
/* End PBXBuildFile section */

/* Begin PBXContainerItemProxy section */
		7F40AE2E2DFADF5600949E90 /* PBXContainerItemProxy */ = {
			isa = PBXContainerItemProxy;
			containerPortal = 7F40AE182DFADF5600949E90 /* Project object */;
			proxyType = 1;
			remoteGlobalIDString = 7F40AE1F2DFADF5600949E90;
			remoteInfo = iOSdemo;
		};
		7F40AE382DFADF5600949E90 /* PBXContainerItemProxy */ = {
			isa = PBXContainerItemProxy;
			containerPortal = 7F40AE182DFADF5600949E90 /* Project object */;
			proxyType = 1;
			remoteGlobalIDString = 7F40AE1F2DFADF5600949E90;
			remoteInfo = iOSdemo;
		};
/* End PBXContainerItemProxy section */

/* Begin PBXCopyFilesBuildPhase section */
		7F3F93052DFB058C000D378D /* CopyFiles */ = {
			isa = PBXCopyFilesBuildPhase;
			buildActionMask = 2147483647;
			dstPath = "";
			dstSubfolderSpec = 7;
			files = (
				415EB51636BF4F98B5439156 /* iOSdemo/squat_hmm_model.json in CopyFiles */,
				29B6F6A38D254458B094966E /* iOSdemo/error_squat.wav in CopyFiles */,
				12968382C0F247A8B4741546 /* iOSdemo/correct_squat.wav in CopyFiles */,
				C21DA7A12FB0B0E500B9A7C6 /* iOSdemo/Resources/pullups_professional.mp4 in CopyFiles */,
				C21DA7A32FB0B0E500B9A7C6 /* iOSdemo/Resources/squats.MOV in CopyFiles */,
			);
			runOnlyForDeploymentPostprocessing = 0;
		};
/* End PBXCopyFilesBuildPhase section */

/* Begin PBXFileReference section */
		293B03BB3C8847228AB5BAC6 /* iOSdemo/correct_squat.wav */ = {isa = PBXFileReference; lastKnownFileType = audio.wav; path = iOSdemo/correct_squat.wav; sourceTree = "<group>"; };
		4CDC8D554C8F17F88BF6AFEB /* Pods-iOSdemo.release.xcconfig */ = {isa = PBXFileReference; includeInIndex = 1; lastKnownFileType = text.xcconfig; name = "Pods-iOSdemo.release.xcconfig"; path = "Target Support Files/Pods-iOSdemo/Pods-iOSdemo.release.xcconfig"; sourceTree = "<group>"; };
		7DEA7E2A13A04358B6D2BDBD /* iOSdemo/squat_hmm_model.json */ = {isa = PBXFileReference; lastKnownFileType = text.json; path = iOSdemo/squat_hmm_model.json; sourceTree = "<group>"; };
		7F0873E72DFB5FC70028BF27 /* detectorLib */ = {isa = PBXFileReference; lastKnownFileType = "compiled.mach-o.dylib"; name = detectorLib; path = ../detectorLib/build/cocoapods/framework/detectorLib.framework/detectorLib; sourceTree = "<group>"; };
		7F40AE202DFADF5600949E90 /* iOSdemo.app */ = {isa = PBXFileReference; explicitFileType = wrapper.application; includeInIndex = 0; path = iOSdemo.app; sourceTree = BUILT_PRODUCTS_DIR; };
		7F40AE2D2DFADF5600949E90 /* iOSdemoTests.xctest */ = {isa = PBXFileReference; explicitFileType = wrapper.cfbundle; includeInIndex = 0; path = iOSdemoTests.xctest; sourceTree = BUILT_PRODUCTS_DIR; };
		7F40AE372DFADF5600949E90 /* iOSdemoUITests.xctest */ = {isa = PBXFileReference; explicitFileType = wrapper.cfbundle; includeInIndex = 0; path = iOSdemoUITests.xctest; sourceTree = BUILT_PRODUCTS_DIR; };
		9C37A8CECA95427FA7E95ADA /* iOSdemo/error_squat.wav */ = {isa = PBXFileReference; lastKnownFileType = audio.wav; path = iOSdemo/error_squat.wav; sourceTree = "<group>"; };
		C21DA7A02FB0B0E500B9A7C6 /* iOSdemo/Resources/pullups_professional.mp4 */ = {isa = PBXFileReference; lastKnownFileType = file; path = iOSdemo/Resources/pullups_professional.mp4; sourceTree = "<group>"; };
		C21DA7A22FB0B0E500B9A7C6 /* iOSdemo/Resources/squats.MOV */ = {isa = PBXFileReference; lastKnownFileType = file; path = iOSdemo/Resources/squats.MOV; sourceTree = "<group>"; };
		F9C9FF49C2C0EB41A0E9A14D /* Pods-iOSdemo.debug.xcconfig */ = {isa = PBXFileReference; includeInIndex = 1; lastKnownFileType = text.xcconfig; name = "Pods-iOSdemo.debug.xcconfig"; path = "Target Support Files/Pods-iOSdemo/Pods-iOSdemo.debug.xcconfig"; sourceTree = "<group>"; };
		FA85136C03429A4ED7DF36DE /* Pods_iOSdemo.framework */ = {isa = PBXFileReference; explicitFileType = wrapper.framework; includeInIndex = 0; path = Pods_iOSdemo.framework; sourceTree = BUILT_PRODUCTS_DIR; };
/* End PBXFileReference section */

/* Begin PBXFileSystemSynchronizedGroupBuildPhaseMembershipExceptionSet section */
		7F3F93072DFB05B3000D378D /* Exceptions for "iOSdemo" folder in "Copy Files" phase from "iOSdemo" target */ = {
			isa = PBXFileSystemSynchronizedGroupBuildPhaseMembershipExceptionSet;
			buildPhase = 7F3F93052DFB058C000D378D /* CopyFiles */;
			membershipExceptions = (
				Assets.xcassets,
			);
		};
/* End PBXFileSystemSynchronizedGroupBuildPhaseMembershipExceptionSet section */

/* Begin PBXFileSystemSynchronizedRootGroup section */
		7F40AE222DFADF5600949E90 /* iOSdemo */ = {
			isa = PBXFileSystemSynchronizedRootGroup;
			exceptions = (
				7F3F93072DFB05B3000D378D /* Exceptions for "iOSdemo" folder in "Copy Files" phase from "iOSdemo" target */,
			);
			path = iOSdemo;
			sourceTree = "<group>";
		};
		7F40AE302DFADF5600949E90 /* iOSdemoTests */ = {
			isa = PBXFileSystemSynchronizedRootGroup;
			path = iOSdemoTests;
			sourceTree = "<group>";
		};
		7F40AE3A2DFADF5600949E90 /* iOSdemoUITests */ = {
			isa = PBXFileSystemSynchronizedRootGroup;
			path = iOSdemoUITests;
			sourceTree = "<group>";
		};
/* End PBXFileSystemSynchronizedRootGroup section */

/* Begin PBXFrameworksBuildPhase section */
		7F40AE1D2DFADF5600949E90 /* Frameworks */ = {
			isa = PBXFrameworksBuildPhase;
			buildActionMask = 2147483647;
			files = (
				EB8C5E2983DD89682D687911 /* Pods_iOSdemo.framework in Frameworks */,
			);
			runOnlyForDeploymentPostprocessing = 0;
		};
		7F40AE2A2DFADF5600949E90 /* Frameworks */ = {
			isa = PBXFrameworksBuildPhase;
			buildActionMask = 2147483647;
			files = (
			);
			runOnlyForDeploymentPostprocessing = 0;
		};
		7F40AE342DFADF5600949E90 /* Frameworks */ = {
			isa = PBXFrameworksBuildPhase;
			buildActionMask = 2147483647;
			files = (
			);
			runOnlyForDeploymentPostprocessing = 0;
		};
/* End PBXFrameworksBuildPhase section */

/* Begin PBXGroup section */
		6D84576D88C51BB9C263E690 /* Pods */ = {
			isa = PBXGroup;
			children = (
				F9C9FF49C2C0EB41A0E9A14D /* Pods-iOSdemo.debug.xcconfig */,
				4CDC8D554C8F17F88BF6AFEB /* Pods-iOSdemo.release.xcconfig */,
			);
			path = Pods;
			sourceTree = "<group>";
		};
		7F40AE172DFADF5600949E90 = {
			isa = PBXGroup;
			children = (
				7F40AE222DFADF5600949E90 /* iOSdemo */,
				7F40AE302DFADF5600949E90 /* iOSdemoTests */,
				7F40AE3A2DFADF5600949E90 /* iOSdemoUITests */,
				7F40AE212DFADF5600949E90 /* Products */,
				6D84576D88C51BB9C263E690 /* Pods */,
				E308BA7304F1DCD98B137A35 /* Frameworks */,
				7FD4EFF02ED85BAA002DAE01 /* Recovered References */,
			);
			sourceTree = "<group>";
		};
		7F40AE212DFADF5600949E90 /* Products */ = {
			isa = PBXGroup;
			children = (
				7F40AE202DFADF5600949E90 /* iOSdemo.app */,
				7F40AE2D2DFADF5600949E90 /* iOSdemoTests.xctest */,
				7F40AE372DFADF5600949E90 /* iOSdemoUITests.xctest */,
			);
			name = Products;
			sourceTree = "<group>";
		};
		7FD4EFF02ED85BAA002DAE01 /* Recovered References */ = {
			isa = PBXGroup;
			children = (
				7DEA7E2A13A04358B6D2BDBD /* iOSdemo/squat_hmm_model.json */,
				9C37A8CECA95427FA7E95ADA /* iOSdemo/error_squat.wav */,
				293B03BB3C8847228AB5BAC6 /* iOSdemo/correct_squat.wav */,
				C21DA7A02FB0B0E500B9A7C6 /* iOSdemo/Resources/pullups_professional.mp4 */,
				C21DA7A22FB0B0E500B9A7C6 /* iOSdemo/Resources/squats.MOV */,
			);
			name = "Recovered References";
			sourceTree = "<group>";
		};
		E308BA7304F1DCD98B137A35 /* Frameworks */ = {
			isa = PBXGroup;
			children = (
				7F0873E72DFB5FC70028BF27 /* detectorLib */,
				FA85136C03429A4ED7DF36DE /* Pods_iOSdemo.framework */,
			);
			name = Frameworks;
			sourceTree = "<group>";
		};
/* End PBXGroup section */

/* Begin PBXNativeTarget section */
		7F40AE1F2DFADF5600949E90 /* iOSdemo */ = {
			isa = PBXNativeTarget;
			buildConfigurationList = 7F40AE412DFADF5600949E90 /* Build configuration list for PBXNativeTarget "iOSdemo" */;
			buildPhases = (
				1EEA56D51EC1DA3C3B11F867 /* [CP] Check Pods Manifest.lock */,
				7F40AE1C2DFADF5600949E90 /* Sources */,
				7F40AE1D2DFADF5600949E90 /* Frameworks */,
				7F3F93052DFB058C000D378D /* CopyFiles */,
			);
			buildRules = (
			);
			dependencies = (
			);
			fileSystemSynchronizedGroups = (
				7F40AE222DFADF5600949E90 /* iOSdemo */,
			);
			name = iOSdemo;
			productName = iOSdemo;
			productReference = 7F40AE202DFADF5600949E90 /* iOSdemo.app */;
			productType = "com.apple.product-type.application";
		};
		7F40AE2C2DFADF5600949E90 /* iOSdemoTests */ = {
			isa = PBXNativeTarget;
			buildConfigurationList = 7F40AE442DFADF5600949E90 /* Build configuration list for PBXNativeTarget "iOSdemoTests" */;
			buildPhases = (
				7F40AE292DFADF5600949E90 /* Sources */,
				7F40AE2A2DFADF5600949E90 /* Frameworks */,
				7F40AE2B2DFADF5600949E90 /* Resources */,
			);
			buildRules = (
			);
			dependencies = (
				7F40AE2F2DFADF5600949E90 /* PBXTargetDependency */,
			);
			fileSystemSynchronizedGroups = (
				7F40AE302DFADF5600949E90 /* iOSdemoTests */,
			);
			name = iOSdemoTests;
			productName = iOSdemoTests;
			productReference = 7F40AE2D2DFADF5600949E90 /* iOSdemoTests.xctest */;
			productType = "com.apple.product-type.bundle.unit-test";
		};
		7F40AE362DFADF5600949E90 /* iOSdemoUITests */ = {
			isa = PBXNativeTarget;
			buildConfigurationList = 7F40AE472DFADF5600949E90 /* Build configuration list for PBXNativeTarget "iOSdemoUITests" */;
			buildPhases = (
				7F40AE332DFADF5600949E90 /* Sources */,
				7F40AE342DFADF5600949E90 /* Frameworks */,
				7F40AE352DFADF5600949E90 /* Resources */,
			);
			buildRules = (
			);
			dependencies = (
				7F40AE392DFADF5600949E90 /* PBXTargetDependency */,
			);
			fileSystemSynchronizedGroups = (
				7F40AE3A2DFADF5600949E90 /* iOSdemoUITests */,
			);
			name = iOSdemoUITests;
			productName = iOSdemoUITests;
			productReference = 7F40AE372DFADF5600949E90 /* iOSdemoUITests.xctest */;
			productType = "com.apple.product-type.bundle.ui-testing";
		};
/* End PBXNativeTarget section */

/* Begin PBXProject section */
		7F40AE182DFADF5600949E90 /* Project object */ = {
			isa = PBXProject;
			attributes = {
				BuildIndependentTargetsInParallel = 1;
				LastSwiftUpdateCheck = 1640;
				LastUpgradeCheck = 2600;
				TargetAttributes = {
					7F40AE1F2DFADF5600949E90 = {
						CreatedOnToolsVersion = 16.4;
					};
					7F40AE2C2DFADF5600949E90 = {
						CreatedOnToolsVersion = 16.4;
						TestTargetID = 7F40AE1F2DFADF5600949E90;
					};
					7F40AE362DFADF5600949E90 = {
						CreatedOnToolsVersion = 16.4;
						TestTargetID = 7F40AE1F2DFADF5600949E90;
					};
				};
			};
			buildConfigurationList = 7F40AE1B2DFADF5600949E90 /* Build configuration list for PBXProject "iOSdemo" */;
			developmentRegion = en;
			hasScannedForEncodings = 0;
			knownRegions = (
				en,
				Base,
			);
			mainGroup = 7F40AE172DFADF5600949E90;
			minimizedProjectReferenceProxies = 1;
			preferredProjectObjectVersion = 77;
			productRefGroup = 7F40AE212DFADF5600949E90 /* Products */;
			projectDirPath = "";
			projectRoot = "";
			targets = (
				7F40AE1F2DFADF5600949E90 /* iOSdemo */,
				7F40AE2C2DFADF5600949E90 /* iOSdemoTests */,
				7F40AE362DFADF5600949E90 /* iOSdemoUITests */,
			);
		};
/* End PBXProject section */

/* Begin PBXResourcesBuildPhase section */
		7F40AE2B2DFADF5600949E90 /* Resources */ = {
			isa = PBXResourcesBuildPhase;
			buildActionMask = 2147483647;
			files = (
			);
			runOnlyForDeploymentPostprocessing = 0;
		};
		7F40AE352DFADF5600949E90 /* Resources */ = {
			isa = PBXResourcesBuildPhase;
			buildActionMask = 2147483647;
			files = (
			);
			runOnlyForDeploymentPostprocessing = 0;
		};
/* End PBXResourcesBuildPhase section */

/* Begin PBXShellScriptBuildPhase section */
		1EEA56D51EC1DA3C3B11F867 /* [CP] Check Pods Manifest.lock */ = {
			isa = PBXShellScriptBuildPhase;
			buildActionMask = 2147483647;
			files = (
			);
			inputFileListPaths = (
			);
			inputPaths = (
				"${PODS_PODFILE_DIR_PATH}/Podfile.lock",
				"${PODS_ROOT}/Manifest.lock",
			);
			name = "[CP] Check Pods Manifest.lock";
			outputFileListPaths = (
			);
			outputPaths = (
				"$(DERIVED_FILE_DIR)/Pods-iOSdemo-checkManifestLockResult.txt",
			);
			runOnlyForDeploymentPostprocessing = 0;
			shellPath = /bin/sh;
			shellScript = "diff \"${PODS_PODFILE_DIR_PATH}/Podfile.lock\" \"${PODS_ROOT}/Manifest.lock\" > /dev/null\nif [ $? != 0 ] ; then\n    # print error to STDERR\n    echo \"error: The sandbox is not in sync with the Podfile.lock. Run 'pod install' or update your CocoaPods installation.\" >&2\n    exit 1\nfi\n# This output is used by Xcode 'outputs' to avoid re-running this script phase.\necho \"SUCCESS\" > \"${SCRIPT_OUTPUT_FILE_0}\"\n";
			showEnvVarsInLog = 0;
		};
/* End PBXShellScriptBuildPhase section */

/* Begin PBXSourcesBuildPhase section */
		7F40AE1C2DFADF5600949E90 /* Sources */ = {
			isa = PBXSourcesBuildPhase;
			buildActionMask = 2147483647;
			files = (
			);
			runOnlyForDeploymentPostprocessing = 0;
		};
		7F40AE292DFADF5600949E90 /* Sources */ = {
			isa = PBXSourcesBuildPhase;
			buildActionMask = 2147483647;
			files = (
			);
			runOnlyForDeploymentPostprocessing = 0;
		};
		7F40AE332DFADF5600949E90 /* Sources */ = {
			isa = PBXSourcesBuildPhase;
			buildActionMask = 2147483647;
			files = (
			);
			runOnlyForDeploymentPostprocessing = 0;
		};
/* End PBXSourcesBuildPhase section */

/* Begin PBXTargetDependency section */
		7F40AE2F2DFADF5600949E90 /* PBXTargetDependency */ = {
			isa = PBXTargetDependency;
			target = 7F40AE1F2DFADF5600949E90 /* iOSdemo */;
			targetProxy = 7F40AE2E2DFADF5600949E90 /* PBXContainerItemProxy */;
		};
		7F40AE392DFADF5600949E90 /* PBXTargetDependency */ = {
			isa = PBXTargetDependency;
			target = 7F40AE1F2DFADF5600949E90 /* iOSdemo */;
			targetProxy = 7F40AE382DFADF5600949E90 /* PBXContainerItemProxy */;
		};
/* End PBXTargetDependency section */

/* Begin XCBuildConfiguration section */
		7F40AE3F2DFADF5600949E90 /* Debug */ = {
			isa = XCBuildConfiguration;
			buildSettings = {
				ALWAYS_SEARCH_USER_PATHS = NO;
				ASSETCATALOG_COMPILER_GENERATE_SWIFT_ASSET_SYMBOL_EXTENSIONS = YES;
				CLANG_ANALYZER_NONNULL = YES;
				CLANG_ANALYZER_NUMBER_OBJECT_CONVERSION = YES_AGGRESSIVE;
				CLANG_CXX_LANGUAGE_STANDARD = "gnu++20";
				CLANG_ENABLE_MODULES = YES;
				CLANG_ENABLE_OBJC_ARC = YES;
				CLANG_ENABLE_OBJC_WEAK = YES;
				CLANG_WARN_BLOCK_CAPTURE_AUTORELEASING = YES;
				CLANG_WARN_BOOL_CONVERSION = YES;
				CLANG_WARN_COMMA = YES;
				CLANG_WARN_CONSTANT_CONVERSION = YES;
				CLANG_WARN_DEPRECATED_OBJC_IMPLEMENTATIONS = YES;
				CLANG_WARN_DIRECT_OBJC_ISA_USAGE = YES_ERROR;
				CLANG_WARN_DOCUMENTATION_COMMENTS = YES;
				CLANG_WARN_EMPTY_BODY = YES;
				CLANG_WARN_ENUM_CONVERSION = YES;
				CLANG_WARN_INFINITE_RECURSION = YES;
				CLANG_WARN_INT_CONVERSION = YES;
				CLANG_WARN_NON_LITERAL_NULL_CONVERSION = YES;
				CLANG_WARN_OBJC_IMPLICIT_RETAIN_SELF = YES;
				CLANG_WARN_OBJC_LITERAL_CONVERSION = YES;
				CLANG_WARN_OBJC_ROOT_CLASS = YES_ERROR;
				CLANG_WARN_QUOTED_INCLUDE_IN_FRAMEWORK_HEADER = YES;
				CLANG_WARN_RANGE_LOOP_ANALYSIS = YES;
				CLANG_WARN_STRICT_PROTOTYPES = YES;
				CLANG_WARN_SUSPICIOUS_MOVE = YES;
				CLANG_WARN_UNGUARDED_AVAILABILITY = YES_AGGRESSIVE;
				CLANG_WARN_UNREACHABLE_CODE = YES;
				CLANG_WARN__DUPLICATE_METHOD_MATCH = YES;
				COPY_PHASE_STRIP = NO;
				DEBUG_INFORMATION_FORMAT = dwarf;
				DEVELOPMENT_TEAM = 98SG9QAWHS;
				ENABLE_STRICT_OBJC_MSGSEND = YES;
				ENABLE_TESTABILITY = YES;
				ENABLE_USER_SCRIPT_SANDBOXING = NO;
				GCC_C_LANGUAGE_STANDARD = gnu17;
				GCC_DYNAMIC_NO_PIC = NO;
				GCC_NO_COMMON_BLOCKS = YES;
				GCC_OPTIMIZATION_LEVEL = 0;
				GCC_PREPROCESSOR_DEFINITIONS = (
					"DEBUG=1",
					"$(inherited)",
				);
				GCC_WARN_64_TO_32_BIT_CONVERSION = YES;
				GCC_WARN_ABOUT_RETURN_TYPE = YES_ERROR;
				GCC_WARN_UNDECLARED_SELECTOR = YES;
				GCC_WARN_UNINITIALIZED_AUTOS = YES_AGGRESSIVE;
				GCC_WARN_UNUSED_FUNCTION = YES;
				GCC_WARN_UNUSED_VARIABLE = YES;
				IPHONEOS_DEPLOYMENT_TARGET = 18.5;
				LOCALIZATION_PREFERS_STRING_CATALOGS = YES;
				MTL_ENABLE_DEBUG_INFO = INCLUDE_SOURCE;
				MTL_FAST_MATH = YES;
				ONLY_ACTIVE_ARCH = YES;
				SDKROOT = iphoneos;
				STRING_CATALOG_GENERATE_SYMBOLS = YES;
				SWIFT_ACTIVE_COMPILATION_CONDITIONS = "DEBUG $(inherited)";
				SWIFT_OPTIMIZATION_LEVEL = "-Onone";
			};
			name = Debug;
		};
		7F40AE402DFADF5600949E90 /* Release */ = {
			isa = XCBuildConfiguration;
			buildSettings = {
				ALWAYS_SEARCH_USER_PATHS = NO;
				ASSETCATALOG_COMPILER_GENERATE_SWIFT_ASSET_SYMBOL_EXTENSIONS = YES;
				CLANG_ANALYZER_NONNULL = YES;
				CLANG_ANALYZER_NUMBER_OBJECT_CONVERSION = YES_AGGRESSIVE;
				CLANG_CXX_LANGUAGE_STANDARD = "gnu++20";
				CLANG_ENABLE_MODULES = YES;
				CLANG_ENABLE_OBJC_ARC = YES;
				CLANG_ENABLE_OBJC_WEAK = YES;
				CLANG_WARN_BLOCK_CAPTURE_AUTORELEASING = YES;
				CLANG_WARN_BOOL_CONVERSION = YES;
				CLANG_WARN_COMMA = YES;
				CLANG_WARN_CONSTANT_CONVERSION = YES;
				CLANG_WARN_DEPRECATED_OBJC_IMPLEMENTATIONS = YES;
				CLANG_WARN_DIRECT_OBJC_ISA_USAGE = YES_ERROR;
				CLANG_WARN_DOCUMENTATION_COMMENTS = YES;
				CLANG_WARN_EMPTY_BODY = YES;
				CLANG_WARN_ENUM_CONVERSION = YES;
				CLANG_WARN_INFINITE_RECURSION = YES;
				CLANG_WARN_INT_CONVERSION = YES;
				CLANG_WARN_NON_LITERAL_NULL_CONVERSION = YES;
				CLANG_WARN_OBJC_IMPLICIT_RETAIN_SELF = YES;
				CLANG_WARN_OBJC_LITERAL_CONVERSION = YES;
				CLANG_WARN_OBJC_ROOT_CLASS = YES_ERROR;
				CLANG_WARN_QUOTED_INCLUDE_IN_FRAMEWORK_HEADER = YES;
				CLANG_WARN_RANGE_LOOP_ANALYSIS = YES;
				CLANG_WARN_STRICT_PROTOTYPES = YES;
				CLANG_WARN_SUSPICIOUS_MOVE = YES;
				CLANG_WARN_UNGUARDED_AVAILABILITY = YES_AGGRESSIVE;
				CLANG_WARN_UNREACHABLE_CODE = YES;
				CLANG_WARN__DUPLICATE_METHOD_MATCH = YES;
				COPY_PHASE_STRIP = NO;
				DEBUG_INFORMATION_FORMAT = "dwarf-with-dsym";
				DEVELOPMENT_TEAM = 98SG9QAWHS;
				ENABLE_NS_ASSERTIONS = NO;
				ENABLE_STRICT_OBJC_MSGSEND = YES;
				ENABLE_USER_SCRIPT_SANDBOXING = NO;
				GCC_C_LANGUAGE_STANDARD = gnu17;
				GCC_NO_COMMON_BLOCKS = YES;
				GCC_WARN_64_TO_32_BIT_CONVERSION = YES;
				GCC_WARN_ABOUT_RETURN_TYPE = YES_ERROR;
				GCC_WARN_UNDECLARED_SELECTOR = YES;
				GCC_WARN_UNINITIALIZED_AUTOS = YES_AGGRESSIVE;
				GCC_WARN_UNUSED_FUNCTION = YES;
				GCC_WARN_UNUSED_VARIABLE = YES;
				IPHONEOS_DEPLOYMENT_TARGET = 18.5;
				LOCALIZATION_PREFERS_STRING_CATALOGS = YES;
				MTL_ENABLE_DEBUG_INFO = NO;
				MTL_FAST_MATH = YES;
				SDKROOT = iphoneos;
				STRING_CATALOG_GENERATE_SYMBOLS = YES;
				SWIFT_COMPILATION_MODE = wholemodule;
				VALIDATE_PRODUCT = YES;
			};
			name = Release;
		};
		7F40AE422DFADF5600949E90 /* Debug */ = {
			isa = XCBuildConfiguration;
			baseConfigurationReference = F9C9FF49C2C0EB41A0E9A14D /* Pods-iOSdemo.debug.xcconfig */;
			buildSettings = {
				ASSETCATALOG_COMPILER_APPICON_NAME = AppIcon;
				ASSETCATALOG_COMPILER_GLOBAL_ACCENT_COLOR_NAME = AccentColor;
				CODE_SIGN_ENTITLEMENTS = iOSdemo/iOSdemo.entitlements;
				CODE_SIGN_STYLE = Automatic;
				CURRENT_PROJECT_VERSION = 1;
				DEVELOPMENT_TEAM = 98SG9QAWHS;
				DONT_GENERATE_INFOPLIST_FILE = NO;
				ENABLE_PREVIEWS = YES;
				FRAMEWORK_SEARCH_PATHS = "$(inherited)";
				GENERATE_INFOPLIST_FILE = YES;
				GENERATE_PKGINFO_FILE = YES;
				INFOPLIST_FILE = "";
				INFOPLIST_KEY_NSCameraUsageDescription = "Required for tongue real-time detection.";
				INFOPLIST_KEY_NSPhotoLibraryAddUsageDescription = "Required to save photo taken from application.";
				INFOPLIST_KEY_NSPhotoLibraryUsageDescription = "Required to save photo taken from application";
				INFOPLIST_KEY_UIApplicationSceneManifest_Generation = YES;
				INFOPLIST_KEY_UIApplicationSupportsIndirectInputEvents = YES;
				INFOPLIST_KEY_UILaunchScreen_Generation = YES;
				INFOPLIST_KEY_UIRequiresFullScreen = YES;
				INFOPLIST_KEY_UISupportedInterfaceOrientations_iPad = UIInterfaceOrientationPortrait;
				INFOPLIST_KEY_UISupportedInterfaceOrientations_iPhone = UIInterfaceOrientationPortrait;
				INFOPLIST_KEY_WKRunsIndependentlyOfCompanionApp = NO;
				IPHONEOS_DEPLOYMENT_TARGET = 15.6;
				LD_RUNPATH_SEARCH_PATHS = (
					"$(inherited)",
					"@executable_path/Frameworks",
				);
				MARKETING_VERSION = 1.0;
				PRODUCT_BUNDLE_IDENTIFIER = "com.kgalvancuesta.-";
				PRODUCT_NAME = "$(TARGET_NAME)";
				SUPPORTED_PLATFORMS = "iphoneos iphonesimulator";
				SUPPORTS_MACCATALYST = NO;
				SUPPORTS_MAC_DESIGNED_FOR_IPHONE_IPAD = NO;
				SUPPORTS_XR_DESIGNED_FOR_IPHONE_IPAD = NO;
				SWIFT_EMIT_LOC_STRINGS = YES;
				SWIFT_VERSION = 5.0;
				TARGETED_DEVICE_FAMILY = "1,2";
			};
			name = Debug;
		};
		7F40AE432DFADF5600949E90 /* Release */ = {
			isa = XCBuildConfiguration;
			baseConfigurationReference = 4CDC8D554C8F17F88BF6AFEB /* Pods-iOSdemo.release.xcconfig */;
			buildSettings = {
				ASSETCATALOG_COMPILER_APPICON_NAME = AppIcon;
				ASSETCATALOG_COMPILER_GLOBAL_ACCENT_COLOR_NAME = AccentColor;
				CODE_SIGN_ENTITLEMENTS = iOSdemo/iOSdemo.entitlements;
				CODE_SIGN_STYLE = Automatic;
				CURRENT_PROJECT_VERSION = 1;
				DEVELOPMENT_TEAM = 98SG9QAWHS;
				DONT_GENERATE_INFOPLIST_FILE = NO;
				ENABLE_PREVIEWS = YES;
				FRAMEWORK_SEARCH_PATHS = "$(inherited)";
				GENERATE_INFOPLIST_FILE = YES;
				GENERATE_PKGINFO_FILE = YES;
				INFOPLIST_FILE = "";
				INFOPLIST_KEY_NSCameraUsageDescription = "Required for tongue real-time detection.";
				INFOPLIST_KEY_NSPhotoLibraryAddUsageDescription = "Required to save photo taken from application.";
				INFOPLIST_KEY_NSPhotoLibraryUsageDescription = "Required to save photo taken from application";
				INFOPLIST_KEY_UIApplicationSceneManifest_Generation = YES;
				INFOPLIST_KEY_UIApplicationSupportsIndirectInputEvents = YES;
				INFOPLIST_KEY_UILaunchScreen_Generation = YES;
				INFOPLIST_KEY_UIRequiresFullScreen = YES;
				INFOPLIST_KEY_UISupportedInterfaceOrientations_iPad = UIInterfaceOrientationPortrait;
				INFOPLIST_KEY_UISupportedInterfaceOrientations_iPhone = UIInterfaceOrientationPortrait;
				INFOPLIST_KEY_WKRunsIndependentlyOfCompanionApp = NO;
				IPHONEOS_DEPLOYMENT_TARGET = 15.6;
				LD_RUNPATH_SEARCH_PATHS = (
					"$(inherited)",
					"@executable_path/Frameworks",
				);
				MARKETING_VERSION = 1.0;
				PRODUCT_BUNDLE_IDENTIFIER = "com.kgalvancuesta.-";
				PRODUCT_NAME = "$(TARGET_NAME)";
				SUPPORTED_PLATFORMS = "iphoneos iphonesimulator";
				SUPPORTS_MACCATALYST = NO;
				SUPPORTS_MAC_DESIGNED_FOR_IPHONE_IPAD = NO;
				SUPPORTS_XR_DESIGNED_FOR_IPHONE_IPAD = NO;
				SWIFT_EMIT_LOC_STRINGS = YES;
				SWIFT_VERSION = 5.0;
				TARGETED_DEVICE_FAMILY = "1,2";
			};
			name = Release;
		};
		7F40AE452DFADF5600949E90 /* Debug */ = {
			isa = XCBuildConfiguration;
			buildSettings = {
				BUNDLE_LOADER = "$(TEST_HOST)";
				CODE_SIGN_STYLE = Automatic;
				CURRENT_PROJECT_VERSION = 1;
				DEVELOPMENT_TEAM = 98SG9QAWHS;
				GENERATE_INFOPLIST_FILE = YES;
				IPHONEOS_DEPLOYMENT_TARGET = 18.5;
				MARKETING_VERSION = 1.0;
				PRODUCT_BUNDLE_IDENTIFIER = com.kgalvancuesta.iOSdemoTests;
				PRODUCT_NAME = "$(TARGET_NAME)";
				SWIFT_EMIT_LOC_STRINGS = NO;
				SWIFT_VERSION = 5.0;
				TARGETED_DEVICE_FAMILY = "1,2";
				TEST_HOST = "$(BUILT_PRODUCTS_DIR)/iOSdemo.app/$(BUNDLE_EXECUTABLE_FOLDER_PATH)/iOSdemo";
			};
			name = Debug;
		};
		7F40AE462DFADF5600949E90 /* Release */ = {
			isa = XCBuildConfiguration;
			buildSettings = {
				BUNDLE_LOADER = "$(TEST_HOST)";
				CODE_SIGN_STYLE = Automatic;
				CURRENT_PROJECT_VERSION = 1;
				DEVELOPMENT_TEAM = 98SG9QAWHS;
				GENERATE_INFOPLIST_FILE = YES;
				IPHONEOS_DEPLOYMENT_TARGET = 18.5;
				MARKETING_VERSION = 1.0;
				PRODUCT_BUNDLE_IDENTIFIER = com.kgalvancuesta.iOSdemoTests;
				PRODUCT_NAME = "$(TARGET_NAME)";
				SWIFT_EMIT_LOC_STRINGS = NO;
				SWIFT_VERSION = 5.0;
				TARGETED_DEVICE_FAMILY = "1,2";
				TEST_HOST = "$(BUILT_PRODUCTS_DIR)/iOSdemo.app/$(BUNDLE_EXECUTABLE_FOLDER_PATH)/iOSdemo";
			};
			name = Release;
		};
		7F40AE482DFADF5600949E90 /* Debug */ = {
			isa = XCBuildConfiguration;
			buildSettings = {
				CODE_SIGN_STYLE = Automatic;
				CURRENT_PROJECT_VERSION = 1;
				DEVELOPMENT_TEAM = 98SG9QAWHS;
				GENERATE_INFOPLIST_FILE = YES;
				MARKETING_VERSION = 1.0;
				PRODUCT_BUNDLE_IDENTIFIER = com.kgalvancuesta.iOSdemoUITests;
				PRODUCT_NAME = "$(TARGET_NAME)";
				SWIFT_EMIT_LOC_STRINGS = NO;
				SWIFT_VERSION = 5.0;
				TARGETED_DEVICE_FAMILY = "1,2";
				TEST_TARGET_NAME = iOSdemo;
			};
			name = Debug;
		};
		7F40AE492DFADF5600949E90 /* Release */ = {
			isa = XCBuildConfiguration;
			buildSettings = {
				CODE_SIGN_STYLE = Automatic;
				CURRENT_PROJECT_VERSION = 1;
				DEVELOPMENT_TEAM = 98SG9QAWHS;
				GENERATE_INFOPLIST_FILE = YES;
				MARKETING_VERSION = 1.0;
				PRODUCT_BUNDLE_IDENTIFIER = com.kgalvancuesta.iOSdemoUITests;
				PRODUCT_NAME = "$(TARGET_NAME)";
				SWIFT_EMIT_LOC_STRINGS = NO;
				SWIFT_VERSION = 5.0;
				TARGETED_DEVICE_FAMILY = "1,2";
				TEST_TARGET_NAME = iOSdemo;
			};
			name = Release;
		};
/* End XCBuildConfiguration section */

/* Begin XCConfigurationList section */
		7F40AE1B2DFADF5600949E90 /* Build configuration list for PBXProject "iOSdemo" */ = {
			isa = XCConfigurationList;
			buildConfigurations = (
				7F40AE3F2DFADF5600949E90 /* Debug */,
				7F40AE402DFADF5600949E90 /* Release */,
			);
			defaultConfigurationIsVisible = 0;
			defaultConfigurationName = Release;
		};
		7F40AE412DFADF5600949E90 /* Build configuration list for PBXNativeTarget "iOSdemo" */ = {
			isa = XCConfigurationList;
			buildConfigurations = (
				7F40AE422DFADF5600949E90 /* Debug */,
				7F40AE432DFADF5600949E90 /* Release */,
			);
			defaultConfigurationIsVisible = 0;
			defaultConfigurationName = Release;
		};
		7F40AE442DFADF5600949E90 /* Build configuration list for PBXNativeTarget "iOSdemoTests" */ = {
			isa = XCConfigurationList;
			buildConfigurations = (
				7F40AE452DFADF5600949E90 /* Debug */,
				7F40AE462DFADF5600949E90 /* Release */,
			);
			defaultConfigurationIsVisible = 0;
			defaultConfigurationName = Release;
		};
		7F40AE472DFADF5600949E90 /* Build configuration list for PBXNativeTarget "iOSdemoUITests" */ = {
			isa = XCConfigurationList;
			buildConfigurations = (
				7F40AE482DFADF5600949E90 /* Debug */,
				7F40AE492DFADF5600949E90 /* Release */,
			);
			defaultConfigurationIsVisible = 0;
			defaultConfigurationName = Release;
		};
/* End XCConfigurationList section */
	};
	rootObject = 7F40AE182DFADF5600949E90 /* Project object */;
}
